Microsoft Visual Studio Solution File, Format Version 12.00
# Visual Studio Version 17
VisualStudioVersion = 17.0.31903.59
MinimumVisualStudioVersion = 10.0.40219.1
Project("{FAE04EC0-301F-11D3-BF4B-00C04F79EFBC}") = "IdentityServer", "IdentityServer\IdentityServer.csproj", "{307CCEB5-7CC5-4432-A365-3E4E1CCB5334}"
EndProject
Project("{FAE04EC0-301F-11D3-BF4B-00C04F79EFBC}") = "Api", "Api\Api.csproj", "{1815EBBC-23BC-4C78-BB01-9D0C97606A63}"
EndProject
Project("{FAE04EC0-301F-11D3-BF4B-00C04F79EFBC}") = "Client", "Client\Client.csproj", "{F95F2346-6AB6-49A0-A9D1-2AE480A24D46}"
EndProject
Global
	GlobalSection(SolutionConfigurationPlatforms) = preSolution
		Debug|Any CPU = Debug|Any CPU
		Release|Any CPU = Release|Any CPU
	EndGlobalSection
	GlobalSection(SolutionProperties) = preSolution
		HideSolutionNode = FALSE
	EndGlobalSection
	GlobalSection(ProjectConfigurationPlatforms) = postSolution
		{307CCEB5-7CC5-4432-A365-3E4E1CCB5334}.Debug|Any CPU.ActiveCfg = Debug|Any CPU
		{307CCEB5-7CC5-4432-A365-3E4E1CCB5334}.Debug|Any CPU.Build.0 = Debug|Any CPU
		{307CCEB5-7CC5-4432-A365-3E4E1CCB5334}.Release|Any CPU.ActiveCfg = Release|Any CPU
		{307CCEB5-7CC5-4432-A365-3E4E1CCB5334}.Release|Any CPU.Build.0 = Release|Any CPU
		{1815EBBC-23BC-4C78-BB01-9D0C97606A63}.Debug|Any CPU.ActiveCfg = Debug|Any CPU
		{1815EBBC-23BC-4C78-BB01-9D0C97606A63}.Debug|Any CPU.Build.0 = Debug|Any CPU
		{1815EBBC-23BC-4C78-BB01-9D0C97606A63}.Release|Any CPU.ActiveCfg = Release|Any CPU
		{1815EBBC-23BC-4C78-BB01-9D0C97606A63}.Release|Any CPU.Build.0 = Release|Any CPU
		{F95F2346-6AB6-49A0-A9D1-2AE480A24D46}.Debug|Any CPU.ActiveCfg = Debug|Any CPU
		{F95F2346-6AB6-49A0-A9D1-2AE480A24D46}.Debug|Any CPU.Build.0 = Debug|Any CPU
		{F95F2346-6AB6-49A0-A9D1-2AE480A24D46}.Release|Any CPU.ActiveCfg = Release|Any CPU
		{F95F2346-6AB6-49A0-A9D1-2AE480A24D46}.Release|Any CPU.Build.0 = Release|Any CPU
	EndGlobalSection
EndGlobal